// !$*UTF8*$!
{
	archiveVersion = 1;
	classes = {
	};
	objectVersion = 50;
	objects = {

/* Begin PBXBuildFile section */
		BCB63C262573DD8200A58F9C /* AppDelegate.swift in Sources */ = {isa = PBXBuildFile; fileRef = BCB63C252573DD8200A58F9C /* AppDelegate.swift */; };
		BCB63C282573DD8200A58F9C /* SceneDelegate.swift in Sources */ = {isa = PBXBuildFile; fileRef = BCB63C272573DD8200A58F9C /* SceneDelegate.swift */; };
		BCB63C2A2573DD8200A58F9C /* ViewController.swift in Sources */ = {isa = PBXBuildFile; fileRef = BCB63C292573DD8200A58F9C /* ViewController.swift */; };
		BCB63C2D2573DD8200A58F9C /* Main.storyboard in Resources */ = {isa = PBXBuildFile; fileRef = BCB63C2B2573DD8200A58F9C /* Main.storyboard */; };
		BCB63C2F2573DD8400A58F9C /* Assets.xcassets in Resources */ = {isa = PBXBuildFile; fileRef = BCB63C2E2573DD8400A58F9C /* Assets.xcassets */; };
		BCB63C322573DD8400A58F9C /* LaunchScreen.storyboard in Resources */ = {isa = PBXBuildFile; fileRef = BCB63C302573DD8400A58F9C /* LaunchScreen.storyboard */; };
/* End PBXBuildFile section */

/* Begin PBXFileReference section */
		BCB63C222573DD8200A58F9C /* NewsAppRxSwift.app */ = {isa = PBXFileReference; explicitFileType = wrapper.application; includeInIndex = 0; path = NewsAppRxSwift.app; sourceTree = BUILT_PRODUCTS_DIR; };
		BCB63C252573DD8200A58F9C /* AppDelegate.swift */ = {isa = PBXFileReference; lastKnownFileType = sourcecode.swift; path = AppDelegate.swift; sourceTree = "<group>"; };
		BCB63C272573DD8200A58F9C /* SceneDelegate.swift */ = {isa = PBXFileReference; lastKnownFileType = sourcecode.swift; path = SceneDelegate.swift; sourceTree = "<group>"; };
		BCB63C292573DD8200A58F9C /* ViewController.swift */ = {isa = PBXFileReference; lastKnownFileType = sourcecode.swift; path = ViewController.swift; sourceTree = "<group>"; };
		BCB63C2C2573DD8200A58F9C /* Base */ = {isa = PBXFileReference; lastKnownFileType = file.storyboard; name = Base; path = Base.lproj/Main.storyboard; sourceTree = "<group>"; };
		BCB63C2E2573DD8400A58F9C /* Assets.xcassets */ = {isa = PBXFileReference; lastKnownFileType = folder.assetcatalog; path = Assets.xcassets; sourceTree = "<group>"; };
		BCB63C312573DD8400A58F9C /* Base */ = {isa = PBXFileReference; lastKnownFileType = file.storyboard; name = Base; path = Base.lproj/LaunchScreen.storyboard; sourceTree = "<group>"; };
		BCB63C332573DD8400A58F9C /* Info.plist */ = {isa = PBXFileReference; lastKnownFileType = text.plist.xml; path = Info.plist; sourceTree = "<group>"; };
/* End PBXFileReference section */

/* Begin PBXFrameworksBuildPhase section */
		BCB63C1F2573DD8200A58F9C /* Frameworks */ = {
			isa = PBXFrameworksBuildPhase;
			buildActionMask = 2147483647;
			files = (
			);
			runOnlyForDeploymentPostprocessing = 0;
		};
/* End PBXFrameworksBuildPhase section */

/* Begin PBXGroup section */
		BCB63C192573DD8200A58F9C = {
			isa = PBXGroup;
			children = (
				BCB63C242573DD8200A58F9C /* NewsAppRxSwift */,
				BCB63C232573DD8200A58F9C /* Products */,
			);
			sourceTree = "<group>";
		};
		BCB63C232573DD8200A58F9C /* Products */ = {
			isa = PBXGroup;
			children = (
				BCB63C222573DD8200A58F9C /* NewsAppRxSwift.app */,
			);
			name = Products;
			sourceTree = "<group>";
		};
		BCB63C242573DD8200A58F9C /* NewsAppRxSwift */ = {
			isa = PBXGroup;
			children = (
				BCB63C252573DD8200A58F9C /* AppDelegate.swift */,
				BCB63C272573DD8200A58F9C /* SceneDelegate.swift */,
				BCB63C292573DD8200A58F9C /* ViewController.swift */,
				BCB63C2B2573DD8200A58F9C /* Main.storyboard */,
				BCB63C2E2573DD8400A58F9C /* Assets.xcassets */,
				BCB63C302573DD8400A58F9C /* LaunchScreen.storyboard */,
				BCB63C332573DD8400A58F9C /* Info.plist */,
			);
			path = NewsAppRxSwift;
			sourceTree = "<group>";
		};
/* End PBXGroup section */

/* Begin PBXNativeTarget section */
		BCB63C212573DD8200A58F9C /* NewsAppRxSwift */ = {
			isa = PBXNativeTarget;
			buildConfigurationList = BCB63C362573DD8400A58F9C /* Build configuration list for PBXNativeTarget "NewsAppRxSwift" */;
			buildPhases = (
				BCB63C1E2573DD8200A58F9C /* Sources */,
				BCB63C1F2573DD8200A58F9C /* Frameworks */,
				BCB63C202573DD8200A58F9C /* Resources */,
			);
			buildRules = (
			);
			dependencies = (
			);
			name = NewsAppRxSwift;
			productName = NewsAppRxSwift;
			productReference = BCB63C222573DD8200A58F9C /* NewsAppRxSwift.app */;
			productType = "com.apple.product-type.application";
		};
/* End PBXNativeTarget section */

/* Begin PBXProject section */
		BCB63C1A2573DD8200A58F9C /* Project object */ = {
			isa = PBXProject;
			attributes = {
				LastSwiftUpdateCheck = 1160;
				LastUpgradeCheck = 1160;
				ORGANIZATIONNAME = "Alan Silva";
				TargetAttributes = {
					BCB63C212573DD8200A58F9C = {
						CreatedOnToolsVersion = 11.6;
					};
				};
			};
			buildConfigurationList = BCB63C1D2573DD8200A58F9C /* Build configuration list for PBXProject "NewsAppRxSwift" */;
			compatibilityVersion = "Xcode 9.3";
			developmentRegion = en;
			hasScannedForEncodings = 0;
			knownRegions = (
				en,
				Base,
			);
			mainGroup = BCB63C192573DD8200A58F9C;
			productRefGroup = BCB63C232573DD8200A58F9C /* Products */;
			projectDirPath = "";
			projectRoot = "";
			targets = (
				BCB63C212573DD8200A58F9C /* NewsAppRxSwift */,
			);
		};
/* End PBXProject section */

/* Begin PBXResourcesBuildPhase section */
		BCB63C202573DD8200A58F9C /* Resources */ = {
			isa = PBXResourcesBuildPhase;
			buildActionMask = 2147483647;
			files = (
				BCB63C322573DD8400A58F9C /* LaunchScreen.storyboard in Resources */,
				BCB63C2F2573DD8400A58F9C /* Assets.xcassets in Resources */,
				BCB63C2D2573DD8200A58F9C /* Main.storyboard in Resources */,
			);
			runOnlyForDeploymentPostprocessing = 0;
		};
/* End PBXResourcesBuildPhase section */

/* Begin PBXSourcesBuildPhase section */
		BCB63C1E2573DD8200A58F9C /* Sources */ = {
			isa = PBXSourcesBuildPhase;
			buildActionMask = 2147483647;
			files = (
				BCB63C2A2573DD8200A58F9C /* ViewController.swift in Sources */,
				BCB63C262573DD8200A58F9C /* AppDelegate.swift in Sources */,
				BCB63C282573DD8200A58F9C /* SceneDelegate.swift in Sources */,
			);
			runOnlyForDeploymentPostprocessing = 0;
		};
/* End PBXSourcesBuildPhase section */

/* Begin PBXVariantGroup section */
		BCB63C2B2573DD8200A58F9C /* Main.storyboard */ = {
			isa = PBXVariantGroup;
			children = (
				BCB63C2C2573DD8200A58F9C /* Base */,
			);
			name = Main.storyboard;
			sourceTree = "<group>";
		};
		BCB63C302573DD8400A58F9C /* LaunchScreen.storyboard */ = {
			isa = PBXVariantGroup;
			children = (
				BCB63C312573DD8400A58F9C /* Base */,
			);
			name = LaunchScreen.storyboard;
			sourceTree = "<group>";
		};
/* End PBXVariantGroup section */

/* Begin XCBuildConfiguration section */
		BCB63C342573DD8400A58F9C /* Debug */ = {
			isa = XCBuildConfiguration;
			buildSettings = {
				ALWAYS_SEARCH_USER_PATHS = NO;
				CLANG_ANALYZER_NONNULL = YES;
				CLANG_ANALYZER_NUMBER_OBJECT_CONVERSION = YES_AGGRESSIVE;
				CLANG_CXX_LANGUAGE_STANDARD = "gnu++14";
				CLANG_CXX_LIBRARY = "libc++";
				CLANG_ENABLE_MODULES = YES;
				CLANG_ENABLE_OBJC_ARC = YES;
				CLANG_ENABLE_OBJC_WEAK = YES;
				CLANG_WARN_BLOCK_CAPTURE_AUTORELEASING = YES;
				CLANG_WARN_BOOL_CONVERSION = YES;
				CLANG_WARN_COMMA = YES;
				CLANG_WARN_CONSTANT_CONVERSION = YES;
				CLANG_WARN_DEPRECATED_OBJC_IMPLEMENTATIONS = YES;
				CLANG_WARN_DIRECT_OBJC_ISA_USAGE = YES_ERROR;
				CLANG_WARN_DOCUMENTATION_COMMENTS = YES;
				CLANG_WARN_EMPTY_BODY = YES;
				CLANG_WARN_ENUM_CONVERSION = YES;
				CLANG_WARN_INFINITE_RECURSION = YES;
				CLANG_WARN_INT_CONVERSION = YES;
				CLANG_WARN_NON_LITERAL_NULL_CONVERSION = YES;
				CLANG_WARN_OBJC_IMPLICIT_RETAIN_SELF = YES;
				CLANG_WARN_OBJC_LITERAL_CONVERSION = YES;
				CLANG_WARN_OBJC_ROOT_CLASS = YES_ERROR;
				CLANG_WARN_RANGE_LOOP_ANALYSIS = YES;
				CLANG_WARN_STRICT_PROTOTYPES = YES;
				CLANG_WARN_SUSPICIOUS_MOVE = YES;
				CLANG_WARN_UNGUARDED_AVAILABILITY = YES_AGGRESSIVE;
				CLANG_WARN_UNREACHABLE_CODE = YES;
				CLANG_WARN__DUPLICATE_METHOD_MATCH = YES;
				COPY_PHASE_STRIP = NO;
				DEBUG_INFORMATION_FORMAT = dwarf;
				ENABLE_STRICT_OBJC_MSGSEND = YES;
				ENABLE_TESTABILITY = YES;
				GCC_C_LANGUAGE_STANDARD = gnu11;
				GCC_DYNAMIC_NO_PIC = NO;
				GCC_NO_COMMON_BLOCKS = YES;
				GCC_OPTIMIZATION_LEVEL = 0;
				GCC_PREPROCESSOR_DEFINITIONS = (
					"DEBUG=1",
					"$(inherited)",
				);
				GCC_WARN_64_TO_32_BIT_CONVERSION = YES;
				GCC_WARN_ABOUT_RETURN_TYPE = YES_ERROR;
				GCC_WARN_UNDECLARED_SELECTOR = YES;
				GCC_WARN_UNINITIALIZED_AUTOS = YES_AGGRESSIVE;
				GCC_WARN_UNUSED_FUNCTION = YES;
				GCC_WARN_UNUSED_VARIABLE = YES;
				IPHONEOS_DEPLOYMENT_TARGET = 13.6;
				MTL_ENABLE_DEBUG_INFO = INCLUDE_SOURCE;
				MTL_FAST_MATH = YES;
				ONLY_ACTIVE_ARCH = YES;
				SDKROOT = iphoneos;
				SWIFT_ACTIVE_COMPILATION_CONDITIONS = DEBUG;
				SWIFT_OPTIMIZATION_LEVEL = "-Onone";
			};
			name = Debug;
		};
		BCB63C352573DD8400A58F9C /* Release */ = {
			isa = XCBuildConfiguration;
			buildSettings = {
				ALWAYS_SEARCH_USER_PATHS = NO;
				CLANG_ANALYZER_NONNULL = YES;
				CLANG_ANALYZER_NUMBER_OBJECT_CONVERSION = YES_AGGRESSIVE;
				CLANG_CXX_LANGUAGE_STANDARD = "gnu++14";
				CLANG_CXX_LIBRARY = "libc++";
				CLANG_ENABLE_MODULES = YES;
				CLANG_ENABLE_OBJC_ARC = YES;
				CLANG_ENABLE_OBJC_WEAK = YES;
				CLANG_WARN_BLOCK_CAPTURE_AUTORELEASING = YES;
				CLANG_WARN_BOOL_CONVERSION = YES;
				CLANG_WARN_COMMA = YES;
				CLANG_WARN_CONSTANT_CONVERSION = YES;
				CLANG_WARN_DEPRECATED_OBJC_IMPLEMENTATIONS = YES;
				CLANG_WARN_DIRECT_OBJC_ISA_USAGE = YES_ERROR;
				CLANG_WARN_DOCUMENTATION_COMMENTS = YES;
				CLANG_WARN_EMPTY_BODY = YES;
				CLANG_WARN_ENUM_CONVERSION = YES;
				CLANG_WARN_INFINITE_RECURSION = YES;
				CLANG_WARN_INT_CONVERSION = YES;
				CLANG_WARN_NON_LITERAL_NULL_CONVERSION = YES;
				CLANG_WARN_OBJC_IMPLICIT_RETAIN_SELF = YES;
				CLANG_WARN_OBJC_LITERAL_CONVERSION = YES;
				CLANG_WARN_OBJC_ROOT_CLASS = YES_ERROR;
				CLANG_WARN_RANGE_LOOP_ANALYSIS = YES;
				CLANG_WARN_STRICT_PROTOTYPES = YES;
				CLANG_WARN_SUSPICIOUS_MOVE = YES;
				CLANG_WARN_UNGUARDED_AVAILABILITY = YES_AGGRESSIVE;
				CLANG_WARN_UNREACHABLE_CODE = YES;
				CLANG_WARN__DUPLICATE_METHOD_MATCH = YES;
				COPY_PHASE_STRIP = NO;
				DEBUG_INFORMATION_FORMAT = "dwarf-with-dsym";
				ENABLE_NS_ASSERTIONS = NO;
				ENABLE_STRICT_OBJC_MSGSEND = YES;
				GCC_C_LANGUAGE_STANDARD = gnu11;
				GCC_NO_COMMON_BLOCKS = YES;
				GCC_WARN_64_TO_32_BIT_CONVERSION = YES;
				GCC_WARN_ABOUT_RETURN_TYPE = YES_ERROR;
				GCC_WARN_UNDECLARED_SELECTOR = YES;
				GCC_WARN_UNINITIALIZED_AUTOS = YES_AGGRESSIVE;
				GCC_WARN_UNUSED_FUNCTION = YES;
				GCC_WARN_UNUSED_VARIABLE = YES;
				IPHONEOS_DEPLOYMENT_TARGET = 13.6;
				MTL_ENABLE_DEBUG_INFO = NO;
				MTL_FAST_MATH = YES;
				SDKROOT = iphoneos;
				SWIFT_COMPILATION_MODE = wholemodule;
				SWIFT_OPTIMIZATION_LEVEL = "-O";
				VALIDATE_PRODUCT = YES;
			};
			name = Release;
		};
		BCB63C372573DD8400A58F9C /* Debug */ = {
			isa = XCBuildConfiguration;
			buildSettings = {
				ASSETCATALOG_COMPILER_APPICON_NAME = AppIcon;
				CODE_SIGN_STYLE = Automatic;
				DEVELOPMENT_TEAM = VF7VYA94WY;
				INFOPLIST_FILE = NewsAppRxSwift/Info.plist;
				LD_RUNPATH_SEARCH_PATHS = (
					"$(inherited)",
					"@executable_path/Frameworks",
				);
				PRODUCT_BUNDLE_IDENTIFIER = abstec.NewsAppRxSwift;
				PRODUCT_NAME = "$(TARGET_NAME)";
				SWIFT_VERSION = 5.0;
				TARGETED_DEVICE_FAMILY = "1,2";
			};
			name = Debug;
		};
		BCB63C382573DD8400A58F9C /* Release */ = {
			isa = XCBuildConfiguration;
			buildSettings = {
				ASSETCATALOG_COMPILER_APPICON_NAME = AppIcon;
				CODE_SIGN_STYLE = Automatic;
				DEVELOPMENT_TEAM = VF7VYA94WY;
				INFOPLIST_FILE = NewsAppRxSwift/Info.plist;
				LD_RUNPATH_SEARCH_PATHS = (
					"$(inherited)",
					"@executable_path/Frameworks",
				);
				PRODUCT_BUNDLE_IDENTIFIER = abstec.NewsAppRxSwift;
				PRODUCT_NAME = "$(TARGET_NAME)";
				SWIFT_VERSION = 5.0;
				TARGETED_DEVICE_FAMILY = "1,2";
			};
			name = Release;
		};
/* End XCBuildConfiguration section */

/* Begin XCConfigurationList section */
		BCB63C1D2573DD8200A58F9C /* Build configuration list for PBXProject "NewsAppRxSwift" */ = {
			isa = XCConfigurationList;
			buildConfigurations = (
				BCB63C342573DD8400A58F9C /* Debug */,
				BCB63C352573DD8400A58F9C /* Release */,
			);
			defaultConfigurationIsVisible = 0;
			defaultConfigurationName = Release;
		};
		BCB63C362573DD8400A58F9C /* Build configuration list for PBXNativeTarget "NewsAppRxSwift" */ = {
			isa = XCConfigurationList;
			buildConfigurations = (
				BCB63C372573DD8400A58F9C /* Debug */,
				BCB63C382573DD8400A58F9C /* Release */,
			);
			defaultConfigurationIsVisible = 0;
			defaultConfigurationName = Release;
		};
/* End XCConfigurationList section */
	};
	rootObject = BCB63C1A2573DD8200A58F9C /* Project object */;
}
